PODS:
  - Alamofire (4.7.3)
  - ObjectMapper (3.3.0)
  - Reveal-SDK (18)
  - SDWebImage (4.4.2):
    - SDWebImage/Core (= 4.4.2)
  - SDWebImage/Core (4.4.2)

DEPENDENCIES:
  - Alamofire (~> 4.7)
  - ObjectMapper (~> 3.1)
  - Reveal-SDK
  - SDWebImage (~> 4.0)

SPEC REPOS:
  https://github.com/cocoapods/specs.git:
    - Alamofire
    - ObjectMapper
    - Reveal-SDK
    - SDWebImage

SPEC CHECKSUMS:
  Alamofire: c7287b6e5d7da964a70935e5db17046b7fde6568
  ObjectMapper: b612bf8c8e99c4dc0bb6013a51f7c27966ed5da9
  Reveal-SDK: cce79388da3fd0bbb6ae19d769b906cfc3a33a89
  SDWebImage: 624d6e296c69b244bcede364c72ae0430ac14681

PODFILE CHECKSUM: 1051ffb5dd6cecaa8e56ce3b836da96f899caa44

COCOAPODS: 1.5.2
